// !$*UTF8*$!
{
	archiveVersion = 1;
	classes = {
	};
	objectVersion = 56;
	objects = {

/* Begin PBXBuildFile section */
		CBD1438D2BAC9B9F000FAA55 /* ToDoFirebaseApp.swift in Sources */ = {isa = PBXBuildFile; fileRef = CBD1438C2BAC9B9F000FAA55 /* ToDoFirebaseApp.swift */; };
		CBD1438F2BAC9B9F000FAA55 /* ContentView.swift in Sources */ = {isa = PBXBuildFile; fileRef = CBD1438E2BAC9B9F000FAA55 /* ContentView.swift */; };
		CBD143912BAC9BA2000FAA55 /* Assets.xcassets in Resources */ = {isa = PBXBuildFile; fileRef = CBD143902BAC9BA2000FAA55 /* Assets.xcassets */; };
		CBD143942BAC9BA2000FAA55 /* Preview Assets.xcassets in Resources */ = {isa = PBXBuildFile; fileRef = CBD143932BAC9BA2000FAA55 /* Preview Assets.xcassets */; };
		CBD1439E2BAC9C62000FAA55 /* FirebaseAnalytics in Frameworks */ = {isa = PBXBuildFile; productRef = CBD1439D2BAC9C62000FAA55 /* FirebaseAnalytics */; };
		CBD143A22BAC9C62000FAA55 /* FirebaseAnalyticsSwift in Frameworks */ = {isa = PBXBuildFile; productRef = CBD143A12BAC9C62000FAA55 /* FirebaseAnalyticsSwift */; };
		CBD143A92BAC9DE8000FAA55 /* FirebaseAuth in Frameworks */ = {isa = PBXBuildFile; productRef = CBD143A82BAC9DE8000FAA55 /* FirebaseAuth */; };
		CBD143AC2BAC9EC2000FAA55 /* AuthenticationView.swift in Sources */ = {isa = PBXBuildFile; fileRef = CBD143AB2BAC9EC2000FAA55 /* AuthenticationView.swift */; };
		CBD143AE2BACA002000FAA55 /* SignInEmailViewModel.swift in Sources */ = {isa = PBXBuildFile; fileRef = CBD143AD2BACA002000FAA55 /* SignInEmailViewModel.swift */; };
		CBD143B02BACA4D4000FAA55 /* AuthenticationManager.swift in Sources */ = {isa = PBXBuildFile; fileRef = CBD143AF2BACA4D4000FAA55 /* AuthenticationManager.swift */; };
		CBD143B42BACAA10000FAA55 /* RootView.swift in Sources */ = {isa = PBXBuildFile; fileRef = CBD143B32BACAA10000FAA55 /* RootView.swift */; };
		CBD143B62BACAC32000FAA55 /* SettingsView.swift in Sources */ = {isa = PBXBuildFile; fileRef = CBD143B52BACAC32000FAA55 /* SettingsView.swift */; };
		CBD143B92BAD00EE000FAA55 /* GoogleSignIn in Frameworks */ = {isa = PBXBuildFile; productRef = CBD143B82BAD00EE000FAA55 /* GoogleSignIn */; };
		CBD143BB2BAD00EE000FAA55 /* GoogleSignInSwift in Frameworks */ = {isa = PBXBuildFile; productRef = CBD143BA2BAD00EE000FAA55 /* GoogleSignInSwift */; };
		CBD143BE2BAD020B000FAA55 /* GoogleService-Info.plist in Resources */ = {isa = PBXBuildFile; fileRef = CBD143BD2BAD020B000FAA55 /* GoogleService-Info.plist */; };
		CBD143C02BAD06E2000FAA55 /* AuthenticationViewModel.swift in Sources */ = {isa = PBXBuildFile; fileRef = CBD143BF2BAD06E2000FAA55 /* AuthenticationViewModel.swift */; };
		CBD143C32BAD0BE5000FAA55 /* Utilities.swift in Sources */ = {isa = PBXBuildFile; fileRef = CBD143C22BAD0BE5000FAA55 /* Utilities.swift */; };
		CBD143C52BAD1A04000FAA55 /* SignInGoogleHelper.swift in Sources */ = {isa = PBXBuildFile; fileRef = CBD143C42BAD1A04000FAA55 /* SignInGoogleHelper.swift */; };
/* End PBXBuildFile section */

/* Begin PBXFileReference section */
		CBD143892BAC9B9F000FAA55 /* ToDoFirebase.app */ = {isa = PBXFileReference; explicitFileType = wrapper.application; includeInIndex = 0; path = ToDoFirebase.app; sourceTree = BUILT_PRODUCTS_DIR; };
		CBD1438C2BAC9B9F000FAA55 /* ToDoFirebaseApp.swift */ = {isa = PBXFileReference; lastKnownFileType = sourcecode.swift; path = ToDoFirebaseApp.swift; sourceTree = "<group>"; };
		CBD1438E2BAC9B9F000FAA55 /* ContentView.swift */ = {isa = PBXFileReference; lastKnownFileType = sourcecode.swift; path = ContentView.swift; sourceTree = "<group>"; };
		CBD143902BAC9BA2000FAA55 /* Assets.xcassets */ = {isa = PBXFileReference; lastKnownFileType = folder.assetcatalog; path = Assets.xcassets; sourceTree = "<group>"; };
		CBD143932BAC9BA2000FAA55 /* Preview Assets.xcassets */ = {isa = PBXFileReference; lastKnownFileType = folder.assetcatalog; path = "Preview Assets.xcassets"; sourceTree = "<group>"; };
		CBD143AB2BAC9EC2000FAA55 /* AuthenticationView.swift */ = {isa = PBXFileReference; lastKnownFileType = sourcecode.swift; path = AuthenticationView.swift; sourceTree = "<group>"; };
		CBD143AD2BACA002000FAA55 /* SignInEmailViewModel.swift */ = {isa = PBXFileReference; lastKnownFileType = sourcecode.swift; path = SignInEmailViewModel.swift; sourceTree = "<group>"; };
		CBD143AF2BACA4D4000FAA55 /* AuthenticationManager.swift */ = {isa = PBXFileReference; lastKnownFileType = sourcecode.swift; path = AuthenticationManager.swift; sourceTree = "<group>"; };
		CBD143B32BACAA10000FAA55 /* RootView.swift */ = {isa = PBXFileReference; lastKnownFileType = sourcecode.swift; path = RootView.swift; sourceTree = "<group>"; };
		CBD143B52BACAC32000FAA55 /* SettingsView.swift */ = {isa = PBXFileReference; lastKnownFileType = sourcecode.swift; path = SettingsView.swift; sourceTree = "<group>"; };
		CBD143BC2BAD017B000FAA55 /* Info.plist */ = {isa = PBXFileReference; lastKnownFileType = text.plist; path = Info.plist; sourceTree = "<group>"; };
		CBD143BD2BAD020B000FAA55 /* GoogleService-Info.plist */ = {isa = PBXFileReference; fileEncoding = 4; lastKnownFileType = text.plist.xml; path = "GoogleService-Info.plist"; sourceTree = "<group>"; };
		CBD143BF2BAD06E2000FAA55 /* AuthenticationViewModel.swift */ = {isa = PBXFileReference; lastKnownFileType = sourcecode.swift; path = AuthenticationViewModel.swift; sourceTree = "<group>"; };
		CBD143C22BAD0BE5000FAA55 /* Utilities.swift */ = {isa = PBXFileReference; lastKnownFileType = sourcecode.swift; path = Utilities.swift; sourceTree = "<group>"; };
		CBD143C42BAD1A04000FAA55 /* SignInGoogleHelper.swift */ = {isa = PBXFileReference; lastKnownFileType = sourcecode.swift; path = SignInGoogleHelper.swift; sourceTree = "<group>"; };
/* End PBXFileReference section */

/* Begin PBXFrameworksBuildPhase section */
		CBD143862BAC9B9F000FAA55 /* Frameworks */ = {
			isa = PBXFrameworksBuildPhase;
			buildActionMask = 2147483647;
			files = (
				CBD143BB2BAD00EE000FAA55 /* GoogleSignInSwift in Frameworks */,
				CBD143A22BAC9C62000FAA55 /* FirebaseAnalyticsSwift in Frameworks */,
				CBD143B92BAD00EE000FAA55 /* GoogleSignIn in Frameworks */,
				CBD143A92BAC9DE8000FAA55 /* FirebaseAuth in Frameworks */,
				CBD1439E2BAC9C62000FAA55 /* FirebaseAnalytics in Frameworks */,
			);
			runOnlyForDeploymentPostprocessing = 0;
		};
/* End PBXFrameworksBuildPhase section */

/* Begin PBXGroup section */
		CBD143802BAC9B9F000FAA55 = {
			isa = PBXGroup;
			children = (
				CBD1438B2BAC9B9F000FAA55 /* ToDoFirebase */,
				CBD1438A2BAC9B9F000FAA55 /* Products */,
				CBD143A72BAC9DE8000FAA55 /* Frameworks */,
			);
			sourceTree = "<group>";
		};
		CBD1438A2BAC9B9F000FAA55 /* Products */ = {
			isa = PBXGroup;
			children = (
				CBD143892BAC9B9F000FAA55 /* ToDoFirebase.app */,
			);
			name = Products;
			sourceTree = "<group>";
		};
		CBD1438B2BAC9B9F000FAA55 /* ToDoFirebase */ = {
			isa = PBXGroup;
			children = (
				CBD143C12BAD0BD5000FAA55 /* Utilitie */,
				CBD143BC2BAD017B000FAA55 /* Info.plist */,
				CBD143AA2BAC9EAE000FAA55 /* Authentication */,
				CBD1438C2BAC9B9F000FAA55 /* ToDoFirebaseApp.swift */,
				CBD1438E2BAC9B9F000FAA55 /* ContentView.swift */,
				CBD143902BAC9BA2000FAA55 /* Assets.xcassets */,
				CBD143BD2BAD020B000FAA55 /* GoogleService-Info.plist */,
				CBD143922BAC9BA2000FAA55 /* Preview Content */,
			);
			path = ToDoFirebase;
			sourceTree = "<group>";
		};
		CBD143922BAC9BA2000FAA55 /* Preview Content */ = {
			isa = PBXGroup;
			children = (
				CBD143932BAC9BA2000FAA55 /* Preview Assets.xcassets */,
			);
			path = "Preview Content";
			sourceTree = "<group>";
		};
		CBD143A72BAC9DE8000FAA55 /* Frameworks */ = {
			isa = PBXGroup;
			children = (
			);
			name = Frameworks;
			sourceTree = "<group>";
		};
		CBD143AA2BAC9EAE000FAA55 /* Authentication */ = {
			isa = PBXGroup;
			children = (
				CBD143AF2BACA4D4000FAA55 /* AuthenticationManager.swift */,
				CBD143AB2BAC9EC2000FAA55 /* AuthenticationView.swift */,
				CBD143BF2BAD06E2000FAA55 /* AuthenticationViewModel.swift */,
				CBD143AD2BACA002000FAA55 /* SignInEmailViewModel.swift */,
				CBD143B32BACAA10000FAA55 /* RootView.swift */,
				CBD143B52BACAC32000FAA55 /* SettingsView.swift */,
				CBD143C42BAD1A04000FAA55 /* SignInGoogleHelper.swift */,
			);
			path = Authentication;
			sourceTree = "<group>";
		};
		CBD143C12BAD0BD5000FAA55 /* Utilitie */ = {
			isa = PBXGroup;
			children = (
				CBD143C22BAD0BE5000FAA55 /* Utilities.swift */,
			);
			path = Utilitie;
			sourceTree = "<group>";
		};
/* End PBXGroup section */

/* Begin PBXNativeTarget section */
		CBD143882BAC9B9F000FAA55 /* ToDoFirebase */ = {
			isa = PBXNativeTarget;
			buildConfigurationList = CBD143972BAC9BA2000FAA55 /* Build configuration list for PBXNativeTarget "ToDoFirebase" */;
			buildPhases = (
				CBD143852BAC9B9F000FAA55 /* Sources */,
				CBD143862BAC9B9F000FAA55 /* Frameworks */,
				CBD143872BAC9B9F000FAA55 /* Resources */,
			);
			buildRules = (
			);
			dependencies = (
			);
			name = ToDoFirebase;
			packageProductDependencies = (
				CBD1439D2BAC9C62000FAA55 /* FirebaseAnalytics */,
				CBD143A12BAC9C62000FAA55 /* FirebaseAnalyticsSwift */,
				CBD143A82BAC9DE8000FAA55 /* FirebaseAuth */,
				CBD143B82BAD00EE000FAA55 /* GoogleSignIn */,
				CBD143BA2BAD00EE000FAA55 /* GoogleSignInSwift */,
			);
			productName = ToDoFirebase;
			productReference = CBD143892BAC9B9F000FAA55 /* ToDoFirebase.app */;
			productType = "com.apple.product-type.application";
		};
/* End PBXNativeTarget section */

/* Begin PBXProject section */
		CBD143812BAC9B9F000FAA55 /* Project object */ = {
			isa = PBXProject;
			attributes = {
				BuildIndependentTargetsInParallel = 1;
				LastSwiftUpdateCheck = 1520;
				LastUpgradeCheck = 1520;
				TargetAttributes = {
					CBD143882BAC9B9F000FAA55 = {
						CreatedOnToolsVersion = 15.2;
					};
				};
			};
			buildConfigurationList = CBD143842BAC9B9F000FAA55 /* Build configuration list for PBXProject "ToDoFirebase" */;
			compatibilityVersion = "Xcode 14.0";
			developmentRegion = en;
			hasScannedForEncodings = 0;
			knownRegions = (
				en,
				Base,
			);
			mainGroup = CBD143802BAC9B9F000FAA55;
			packageReferences = (
				CBD1439C2BAC9C62000FAA55 /* XCRemoteSwiftPackageReference "firebase-ios-sdk" */,
				CBD143B72BAD00EE000FAA55 /* XCRemoteSwiftPackageReference "GoogleSignIn-iOS" */,
			);
			productRefGroup = CBD1438A2BAC9B9F000FAA55 /* Products */;
			projectDirPath = "";
			projectRoot = "";
			targets = (
				CBD143882BAC9B9F000FAA55 /* ToDoFirebase */,
			);
		};
/* End PBXProject section */

/* Begin PBXResourcesBuildPhase section */
		CBD143872BAC9B9F000FAA55 /* Resources */ = {
			isa = PBXResourcesBuildPhase;
			buildActionMask = 2147483647;
			files = (
				CBD143942BAC9BA2000FAA55 /* Preview Assets.xcassets in Resources */,
				CBD143912BAC9BA2000FAA55 /* Assets.xcassets in Resources */,
				CBD143BE2BAD020B000FAA55 /* GoogleService-Info.plist in Resources */,
			);
			runOnlyForDeploymentPostprocessing = 0;
		};
/* End PBXResourcesBuildPhase section */

/* Begin PBXSourcesBuildPhase section */
		CBD143852BAC9B9F000FAA55 /* Sources */ = {
			isa = PBXSourcesBuildPhase;
			buildActionMask = 2147483647;
			files = (
				CBD143C52BAD1A04000FAA55 /* SignInGoogleHelper.swift in Sources */,
				CBD143B62BACAC32000FAA55 /* SettingsView.swift in Sources */,
				CBD1438F2BAC9B9F000FAA55 /* ContentView.swift in Sources */,
				CBD143AE2BACA002000FAA55 /* SignInEmailViewModel.swift in Sources */,
				CBD143B42BACAA10000FAA55 /* RootView.swift in Sources */,
				CBD143C02BAD06E2000FAA55 /* AuthenticationViewModel.swift in Sources */,
				CBD1438D2BAC9B9F000FAA55 /* ToDoFirebaseApp.swift in Sources */,
				CBD143C32BAD0BE5000FAA55 /* Utilities.swift in Sources */,
				CBD143B02BACA4D4000FAA55 /* AuthenticationManager.swift in Sources */,
				CBD143AC2BAC9EC2000FAA55 /* AuthenticationView.swift in Sources */,
			);
			runOnlyForDeploymentPostprocessing = 0;
		};
/* End PBXSourcesBuildPhase section */

/* Begin XCBuildConfiguration section */
		CBD143952BAC9BA2000FAA55 /* Debug */ = {
			isa = XCBuildConfiguration;
			buildSettings = {
				ALWAYS_SEARCH_USER_PATHS = NO;
				ASSETCATALOG_COMPILER_GENERATE_SWIFT_ASSET_SYMBOL_EXTENSIONS = YES;
				CLANG_ANALYZER_NONNULL = YES;
				CLANG_ANALYZER_NUMBER_OBJECT_CONVERSION = YES_AGGRESSIVE;
				CLANG_CXX_LANGUAGE_STANDARD = "gnu++20";
				CLANG_ENABLE_MODULES = YES;
				CLANG_ENABLE_OBJC_ARC = YES;
				CLANG_ENABLE_OBJC_WEAK = YES;
				CLANG_WARN_BLOCK_CAPTURE_AUTORELEASING = YES;
				CLANG_WARN_BOOL_CONVERSION = YES;
				CLANG_WARN_COMMA = YES;
				CLANG_WARN_CONSTANT_CONVERSION = YES;
				CLANG_WARN_DEPRECATED_OBJC_IMPLEMENTATIONS = YES;
				CLANG_WARN_DIRECT_OBJC_ISA_USAGE = YES_ERROR;
				CLANG_WARN_DOCUMENTATION_COMMENTS = YES;
				CLANG_WARN_EMPTY_BODY = YES;
				CLANG_WARN_ENUM_CONVERSION = YES;
				CLANG_WARN_INFINITE_RECURSION = YES;
				CLANG_WARN_INT_CONVERSION = YES;
				CLANG_WARN_NON_LITERAL_NULL_CONVERSION = YES;
				CLANG_WARN_OBJC_IMPLICIT_RETAIN_SELF = YES;
				CLANG_WARN_OBJC_LITERAL_CONVERSION = YES;
				CLANG_WARN_OBJC_ROOT_CLASS = YES_ERROR;
				CLANG_WARN_QUOTED_INCLUDE_IN_FRAMEWORK_HEADER = YES;
				CLANG_WARN_RANGE_LOOP_ANALYSIS = YES;
				CLANG_WARN_STRICT_PROTOTYPES = YES;
				CLANG_WARN_SUSPICIOUS_MOVE = YES;
				CLANG_WARN_UNGUARDED_AVAILABILITY = YES_AGGRESSIVE;
				CLANG_WARN_UNREACHABLE_CODE = YES;
				CLANG_WARN__DUPLICATE_METHOD_MATCH = YES;
				COPY_PHASE_STRIP = NO;
				DEBUG_INFORMATION_FORMAT = dwarf;
				ENABLE_STRICT_OBJC_MSGSEND = YES;
				ENABLE_TESTABILITY = YES;
				ENABLE_USER_SCRIPT_SANDBOXING = YES;
				GCC_C_LANGUAGE_STANDARD = gnu17;
				GCC_DYNAMIC_NO_PIC = NO;
				GCC_NO_COMMON_BLOCKS = YES;
				GCC_OPTIMIZATION_LEVEL = 0;
				GCC_PREPROCESSOR_DEFINITIONS = (
					"DEBUG=1",
					"$(inherited)",
				);
				GCC_WARN_64_TO_32_BIT_CONVERSION = YES;
				GCC_WARN_ABOUT_RETURN_TYPE = YES_ERROR;
				GCC_WARN_UNDECLARED_SELECTOR = YES;
				GCC_WARN_UNINITIALIZED_AUTOS = YES_AGGRESSIVE;
				GCC_WARN_UNUSED_FUNCTION = YES;
				GCC_WARN_UNUSED_VARIABLE = YES;
				IPHONEOS_DEPLOYMENT_TARGET = 17.2;
				LOCALIZATION_PREFERS_STRING_CATALOGS = YES;
				MTL_ENABLE_DEBUG_INFO = INCLUDE_SOURCE;
				MTL_FAST_MATH = YES;
				ONLY_ACTIVE_ARCH = YES;
				SDKROOT = iphoneos;
				SWIFT_ACTIVE_COMPILATION_CONDITIONS = "DEBUG $(inherited)";
				SWIFT_OPTIMIZATION_LEVEL = "-Onone";
			};
			name = Debug;
		};
		CBD143962BAC9BA2000FAA55 /* Release */ = {
			isa = XCBuildConfiguration;
			buildSettings = {
				ALWAYS_SEARCH_USER_PATHS = NO;
				ASSETCATALOG_COMPILER_GENERATE_SWIFT_ASSET_SYMBOL_EXTENSIONS = YES;
				CLANG_ANALYZER_NONNULL = YES;
				CLANG_ANALYZER_NUMBER_OBJECT_CONVERSION = YES_AGGRESSIVE;
				CLANG_CXX_LANGUAGE_STANDARD = "gnu++20";
				CLANG_ENABLE_MODULES = YES;
				CLANG_ENABLE_OBJC_ARC = YES;
				CLANG_ENABLE_OBJC_WEAK = YES;
				CLANG_WARN_BLOCK_CAPTURE_AUTORELEASING = YES;
				CLANG_WARN_BOOL_CONVERSION = YES;
				CLANG_WARN_COMMA = YES;
				CLANG_WARN_CONSTANT_CONVERSION = YES;
				CLANG_WARN_DEPRECATED_OBJC_IMPLEMENTATIONS = YES;
				CLANG_WARN_DIRECT_OBJC_ISA_USAGE = YES_ERROR;
				CLANG_WARN_DOCUMENTATION_COMMENTS = YES;
				CLANG_WARN_EMPTY_BODY = YES;
				CLANG_WARN_ENUM_CONVERSION = YES;
				CLANG_WARN_INFINITE_RECURSION = YES;
				CLANG_WARN_INT_CONVERSION = YES;
				CLANG_WARN_NON_LITERAL_NULL_CONVERSION = YES;
				CLANG_WARN_OBJC_IMPLICIT_RETAIN_SELF = YES;
				CLANG_WARN_OBJC_LITERAL_CONVERSION = YES;
				CLANG_WARN_OBJC_ROOT_CLASS = YES_ERROR;
				CLANG_WARN_QUOTED_INCLUDE_IN_FRAMEWORK_HEADER = YES;
				CLANG_WARN_RANGE_LOOP_ANALYSIS = YES;
				CLANG_WARN_STRICT_PROTOTYPES = YES;
				CLANG_WARN_SUSPICIOUS_MOVE = YES;
				CLANG_WARN_UNGUARDED_AVAILABILITY = YES_AGGRESSIVE;
				CLANG_WARN_UNREACHABLE_CODE = YES;
				CLANG_WARN__DUPLICATE_METHOD_MATCH = YES;
				COPY_PHASE_STRIP = NO;
				DEBUG_INFORMATION_FORMAT = "dwarf-with-dsym";
				ENABLE_NS_ASSERTIONS = NO;
				ENABLE_STRICT_OBJC_MSGSEND = YES;
				ENABLE_USER_SCRIPT_SANDBOXING = YES;
				GCC_C_LANGUAGE_STANDARD = gnu17;
				GCC_NO_COMMON_BLOCKS = YES;
				GCC_WARN_64_TO_32_BIT_CONVERSION = YES;
				GCC_WARN_ABOUT_RETURN_TYPE = YES_ERROR;
				GCC_WARN_UNDECLARED_SELECTOR = YES;
				GCC_WARN_UNINITIALIZED_AUTOS = YES_AGGRESSIVE;
				GCC_WARN_UNUSED_FUNCTION = YES;
				GCC_WARN_UNUSED_VARIABLE = YES;
				IPHONEOS_DEPLOYMENT_TARGET = 17.2;
				LOCALIZATION_PREFERS_STRING_CATALOGS = YES;
				MTL_ENABLE_DEBUG_INFO = NO;
				MTL_FAST_MATH = YES;
				SDKROOT = iphoneos;
				SWIFT_COMPILATION_MODE = wholemodule;
				VALIDATE_PRODUCT = YES;
			};
			name = Release;
		};
		CBD143982BAC9BA2000FAA55 /* Debug */ = {
			isa = XCBuildConfiguration;
			buildSettings = {
				ASSETCATALOG_COMPILER_APPICON_NAME = AppIcon;
				ASSETCATALOG_COMPILER_GLOBAL_ACCENT_COLOR_NAME = AccentColor;
				CODE_SIGN_STYLE = Automatic;
				CURRENT_PROJECT_VERSION = 1;
				DEVELOPMENT_ASSET_PATHS = "\"ToDoFirebase/Preview Content\"";
				DEVELOPMENT_TEAM = V3F22T7VGM;
				ENABLE_PREVIEWS = YES;
				GENERATE_INFOPLIST_FILE = YES;
				INFOPLIST_FILE = ToDoFirebase/Info.plist;
				INFOPLIST_KEY_UIApplicationSceneManifest_Generation = YES;
				INFOPLIST_KEY_UIApplicationSupportsIndirectInputEvents = YES;
				INFOPLIST_KEY_UILaunchScreen_Generation = YES;
				INFOPLIST_KEY_UISupportedInterfaceOrientations_iPad = "UIInterfaceOrientationPortrait UIInterfaceOrientationPortraitUpsideDown UIInterfaceOrientationLandscapeLeft UIInterfaceOrientationLandscapeRight";
				INFOPLIST_KEY_UISupportedInterfaceOrientations_iPhone = "UIInterfaceOrientationPortrait UIInterfaceOrientationLandscapeLeft UIInterfaceOrientationLandscapeRight";
				LD_RUNPATH_SEARCH_PATHS = (
					"$(inherited)",
					"@executable_path/Frameworks",
				);
				MARKETING_VERSION = 1.0;
				PRODUCT_BUNDLE_IDENTIFIER = halbus.ToDoFirebase;
				PRODUCT_NAME = "$(TARGET_NAME)";
				SWIFT_EMIT_LOC_STRINGS = YES;
				SWIFT_VERSION = 5.0;
				TARGETED_DEVICE_FAMILY = "1,2";
			};
			name = Debug;
		};
		CBD143992BAC9BA2000FAA55 /* Release */ = {
			isa = XCBuildConfiguration;
			buildSettings = {
				ASSETCATALOG_COMPILER_APPICON_NAME = AppIcon;
				ASSETCATALOG_COMPILER_GLOBAL_ACCENT_COLOR_NAME = AccentColor;
				CODE_SIGN_STYLE = Automatic;
				CURRENT_PROJECT_VERSION = 1;
				DEVELOPMENT_ASSET_PATHS = "\"ToDoFirebase/Preview Content\"";
				DEVELOPMENT_TEAM = V3F22T7VGM;
				ENABLE_PREVIEWS = YES;
				GENERATE_INFOPLIST_FILE = YES;
				INFOPLIST_FILE = ToDoFirebase/Info.plist;
				INFOPLIST_KEY_UIApplicationSceneManifest_Generation = YES;
				INFOPLIST_KEY_UIApplicationSupportsIndirectInputEvents = YES;
				INFOPLIST_KEY_UILaunchScreen_Generation = YES;
				INFOPLIST_KEY_UISupportedInterfaceOrientations_iPad = "UIInterfaceOrientationPortrait UIInterfaceOrientationPortraitUpsideDown UIInterfaceOrientationLandscapeLeft UIInterfaceOrientationLandscapeRight";
				INFOPLIST_KEY_UISupportedInterfaceOrientations_iPhone = "UIInterfaceOrientationPortrait UIInterfaceOrientationLandscapeLeft UIInterfaceOrientationLandscapeRight";
				LD_RUNPATH_SEARCH_PATHS = (
					"$(inherited)",
					"@executable_path/Frameworks",
				);
				MARKETING_VERSION = 1.0;
				PRODUCT_BUNDLE_IDENTIFIER = halbus.ToDoFirebase;
				PRODUCT_NAME = "$(TARGET_NAME)";
				SWIFT_EMIT_LOC_STRINGS = YES;
				SWIFT_VERSION = 5.0;
				TARGETED_DEVICE_FAMILY = "1,2";
			};
			name = Release;
		};
/* End XCBuildConfiguration section */

/* Begin XCConfigurationList section */
		CBD143842BAC9B9F000FAA55 /* Build configuration list for PBXProject "ToDoFirebase" */ = {
			isa = XCConfigurationList;
			buildConfigurations = (
				CBD143952BAC9BA2000FAA55 /* Debug */,
				CBD143962BAC9BA2000FAA55 /* Release */,
			);
			defaultConfigurationIsVisible = 0;
			defaultConfigurationName = Release;
		};
		CBD143972BAC9BA2000FAA55 /* Build configuration list for PBXNativeTarget "ToDoFirebase" */ = {
			isa = XCConfigurationList;
			buildConfigurations = (
				CBD143982BAC9BA2000FAA55 /* Debug */,
				CBD143992BAC9BA2000FAA55 /* Release */,
			);
			defaultConfigurationIsVisible = 0;
			defaultConfigurationName = Release;
		};
/* End XCConfigurationList section */

/* Begin XCRemoteSwiftPackageReference section */
		CBD1439C2BAC9C62000FAA55 /* XCRemoteSwiftPackageReference "firebase-ios-sdk" */ = {
			isa = XCRemoteSwiftPackageReference;
			repositoryURL = "https://github.com/firebase/firebase-ios-sdk.git";
			requirement = {
				kind = upToNextMajorVersion;
				minimumVersion = 10.23.0;
			};
		};
		CBD143B72BAD00EE000FAA55 /* XCRemoteSwiftPackageReference "GoogleSignIn-iOS" */ = {
			isa = XCRemoteSwiftPackageReference;
			repositoryURL = "https://github.com/google/GoogleSignIn-iOS.git";
			requirement = {
				kind = upToNextMajorVersion;
				minimumVersion = 7.0.0;
			};
		};
/* End XCRemoteSwiftPackageReference section */

/* Begin XCSwiftPackageProductDependency section */
		CBD1439D2BAC9C62000FAA55 /* FirebaseAnalytics */ = {
			isa = XCSwiftPackageProductDependency;
			package = CBD1439C2BAC9C62000FAA55 /* XCRemoteSwiftPackageReference "firebase-ios-sdk" */;
			productName = FirebaseAnalytics;
		};
		CBD143A12BAC9C62000FAA55 /* FirebaseAnalyticsSwift */ = {
			isa = XCSwiftPackageProductDependency;
			package = CBD1439C2BAC9C62000FAA55 /* XCRemoteSwiftPackageReference "firebase-ios-sdk" */;
			productName = FirebaseAnalyticsSwift;
		};
		CBD143A82BAC9DE8000FAA55 /* FirebaseAuth */ = {
			isa = XCSwiftPackageProductDependency;
			package = CBD1439C2BAC9C62000FAA55 /* XCRemoteSwiftPackageReference "firebase-ios-sdk" */;
			productName = FirebaseAuth;
		};
		CBD143B82BAD00EE000FAA55 /* GoogleSignIn */ = {
			isa = XCSwiftPackageProductDependency;
			package = CBD143B72BAD00EE000FAA55 /* XCRemoteSwiftPackageReference "GoogleSignIn-iOS" */;
			productName = GoogleSignIn;
		};
		CBD143BA2BAD00EE000FAA55 /* GoogleSignInSwift */ = {
			isa = XCSwiftPackageProductDependency;
			package = CBD143B72BAD00EE000FAA55 /* XCRemoteSwiftPackageReference "GoogleSignIn-iOS" */;
			productName = GoogleSignInSwift;
		};
/* End XCSwiftPackageProductDependency section */
	};
	rootObject = CBD143812BAC9B9F000FAA55 /* Project object */;
}
